
Microsoft Visual Studio Solution File, Format Version 12.00
# Visual Studio Version 17
VisualStudioVersion = 17.1.32328.378
MinimumVisualStudioVersion = 10.0.40219.1
Project("{9A19103F-16F7-4668-BE54-9A1E7A4F7556}") = "Catalogue.EF", "Catalogue.EF\Catalogue.EF.csproj", "{34015A3D-8278-4BE3-94A6-DA1530CB2AD0}"
EndProject
Project("{9A19103F-16F7-4668-BE54-9A1E7A4F7556}") = "Catalogue.Core", "Catalogue.Core\Catalogue.Core.csproj", "{C4D31DE1-C408-4CA1-B72F-A744DEA3D07B}"
EndProject
Project("{9A19103F-16F7-4668-BE54-9A1E7A4F7556}") = "GateWaye.estore", "GateWaye.estore\GateWaye.estore.csproj", "{F809C017-371D-48FD-B641-1CCE2C5BA6BF}"
EndProject
Project("{9A19103F-16F7-4668-BE54-9A1E7A4F7556}") = "Catalogue.Api", "Catalogue.Api\Catalogue.Api.csproj", "{8B5AA6A9-0E80-475F-9175-AB30CC4AAA5D}"
EndProject
Global
	GlobalSection(SolutionConfigurationPlatforms) = preSolution
		Debug|Any CPU = Debug|Any CPU
		Release|Any CPU = Release|Any CPU
	EndGlobalSection
	GlobalSection(ProjectConfigurationPlatforms) = postSolution
		{34015A3D-8278-4BE3-94A6-DA1530CB2AD0}.Debug|Any CPU.ActiveCfg = Debug|Any CPU
		{34015A3D-8278-4BE3-94A6-DA1530CB2AD0}.Debug|Any CPU.Build.0 = Debug|Any CPU
		{34015A3D-8278-4BE3-94A6-DA1530CB2AD0}.Release|Any CPU.ActiveCfg = Release|Any CPU
		{34015A3D-8278-4BE3-94A6-DA1530CB2AD0}.Release|Any CPU.Build.0 = Release|Any CPU
		{C4D31DE1-C408-4CA1-B72F-A744DEA3D07B}.Debug|Any CPU.ActiveCfg = Debug|Any CPU
		{C4D31DE1-C408-4CA1-B72F-A744DEA3D07B}.Debug|Any CPU.Build.0 = Debug|Any CPU
		{C4D31DE1-C408-4CA1-B72F-A744DEA3D07B}.Release|Any CPU.ActiveCfg = Release|Any CPU
		{C4D31DE1-C408-4CA1-B72F-A744DEA3D07B}.Release|Any CPU.Build.0 = Release|Any CPU
		{F809C017-371D-48FD-B641-1CCE2C5BA6BF}.Debug|Any CPU.ActiveCfg = Debug|Any CPU
		{F809C017-371D-48FD-B641-1CCE2C5BA6BF}.Debug|Any CPU.Build.0 = Debug|Any CPU
		{F809C017-371D-48FD-B641-1CCE2C5BA6BF}.Release|Any CPU.ActiveCfg = Release|Any CPU
		{F809C017-371D-48FD-B641-1CCE2C5BA6BF}.Release|Any CPU.Build.0 = Release|Any CPU
		{8B5AA6A9-0E80-475F-9175-AB30CC4AAA5D}.Debug|Any CPU.ActiveCfg = Debug|Any CPU
		{8B5AA6A9-0E80-475F-9175-AB30CC4AAA5D}.Debug|Any CPU.Build.0 = Debug|Any CPU
		{8B5AA6A9-0E80-475F-9175-AB30CC4AAA5D}.Release|Any CPU.ActiveCfg = Release|Any CPU
		{8B5AA6A9-0E80-475F-9175-AB30CC4AAA5D}.Release|Any CPU.Build.0 = Release|Any CPU
	EndGlobalSection
	GlobalSection(SolutionProperties) = preSolution
		HideSolutionNode = FALSE
	EndGlobalSection
	GlobalSection(ExtensibilityGlobals) = postSolution
		SolutionGuid = {E2F1E8BA-3316-42D1-9A32-09058D74805A}
	EndGlobalSection
EndGlobal
